{
  "name": "tarot_bot",
  "version": "1.0.0",
  "lockfileVersion": 3,
  "requires": true,
  "author": "",
  "description": "JSで作ったタロット占いができるdiscord botです。",
  "keywords": [],
  "license": "ISC",
  "main": "index.js",
  "packages": {
    "": {
      "name": "tarot_bot",
      "version": "1.0.0",
      "license": "ISC"
    }
  },
  "devDependencies": {
    "discord.js": "^14.14.1",
    "dotenv": "^16.0.3"
  },
  "scripts": {
    "start": "node index.js"
  }
}
